{
  "name": "gitnexus-mybatis-plugin",
  "version": "1.0.0",
  "lockfileVersion": 3,
  "requires": true,
  "packages": {
    "": {
      "name": "gitnexus-mybatis-plugin",
      "version": "1.0.0",
      "dependencies": {
        "gitnexus-shared": "file:../../gitnexus-shared"
      }
    },
    "../../../../gitnexus-shared": {
      "version": "1.0.0",
      "extraneous": true,
      "devDependencies": {
        "typescript": "^6.0.3"
      }
    },
    "../../../gitnexus-shared": {
      "extraneous": true
    },
    "../../gitnexus-shared": {
      "version": "1.0.0",
      "devDependencies": {
        "typescript": "^6.0.3"
      }
    },
    "../gitnexus-shared": {
      "extraneous": true
    },
    "node_modules/gitnexus-shared": {
      "resolved": "../../gitnexus-shared",
      "link": true
    }
  }
}
